
Microsoft Visual Studio Solution File, Format Version 12.00
# Visual Studio Version 17
VisualStudioVersion = 17.14.36127.28
MinimumVisualStudioVersion = 10.0.40219.1
Project("{FAE04EC0-301F-11D3-BF4B-00C04F79EFBC}") = "ScreenReaderAccess", "ScreenReaderAccess\ScreenReaderAccess.csproj", "{0FA77B85-B6F0-40C5-9E79-8F25C09F9139}"
EndProject
Project("{FAE04EC0-301F-11D3-BF4B-00C04F79EFBC}") = "ScreenReaderAccess.Tests", "ScreenReaderAccess.Tests\ScreenReaderAccess.Tests.csproj", "{B03F06D0-5456-4C89-8DF4-9C5174E5D268}"
EndProject
Global
	GlobalSection(SolutionConfigurationPlatforms) = preSolution
		Debug|Any CPU = Debug|Any CPU
		Debug|x64 = Debug|x64
		Debug|x86 = Debug|x86
		Release|Any CPU = Release|Any CPU
		Release|x64 = Release|x64
		Release|x86 = Release|x86
	EndGlobalSection
	GlobalSection(ProjectConfigurationPlatforms) = postSolution
		{0FA77B85-B6F0-40C5-9E79-8F25C09F9139}.Debug|Any CPU.ActiveCfg = Debug|Any CPU
		{0FA77B85-B6F0-40C5-9E79-8F25C09F9139}.Debug|Any CPU.Build.0 = Debug|Any CPU
		{0FA77B85-B6F0-40C5-9E79-8F25C09F9139}.Debug|x64.ActiveCfg = Debug|Any CPU
		{0FA77B85-B6F0-40C5-9E79-8F25C09F9139}.Debug|x64.Build.0 = Debug|Any CPU
		{0FA77B85-B6F0-40C5-9E79-8F25C09F9139}.Debug|x86.ActiveCfg = Debug|Any CPU
		{0FA77B85-B6F0-40C5-9E79-8F25C09F9139}.Debug|x86.Build.0 = Debug|Any CPU
		{0FA77B85-B6F0-40C5-9E79-8F25C09F9139}.Release|Any CPU.ActiveCfg = Release|Any CPU
		{0FA77B85-B6F0-40C5-9E79-8F25C09F9139}.Release|Any CPU.Build.0 = Release|Any CPU
		{0FA77B85-B6F0-40C5-9E79-8F25C09F9139}.Release|x64.ActiveCfg = Release|Any CPU
		{0FA77B85-B6F0-40C5-9E79-8F25C09F9139}.Release|x64.Build.0 = Release|Any CPU
		{0FA77B85-B6F0-40C5-9E79-8F25C09F9139}.Release|x86.ActiveCfg = Release|Any CPU
		{0FA77B85-B6F0-40C5-9E79-8F25C09F9139}.Release|x86.Build.0 = Release|Any CPU
		{B03F06D0-5456-4C89-8DF4-9C5174E5D268}.Debug|Any CPU.ActiveCfg = Debug|Any CPU
		{B03F06D0-5456-4C89-8DF4-9C5174E5D268}.Debug|Any CPU.Build.0 = Debug|Any CPU
		{B03F06D0-5456-4C89-8DF4-9C5174E5D268}.Debug|x64.ActiveCfg = Debug|Any CPU
		{B03F06D0-5456-4C89-8DF4-9C5174E5D268}.Debug|x64.Build.0 = Debug|Any CPU
		{B03F06D0-5456-4C89-8DF4-9C5174E5D268}.Debug|x86.ActiveCfg = Debug|Any CPU
		{B03F06D0-5456-4C89-8DF4-9C5174E5D268}.Debug|x86.Build.0 = Debug|Any CPU
		{B03F06D0-5456-4C89-8DF4-9C5174E5D268}.Release|Any CPU.ActiveCfg = Release|Any CPU
		{B03F06D0-5456-4C89-8DF4-9C5174E5D268}.Release|Any CPU.Build.0 = Release|Any CPU
		{B03F06D0-5456-4C89-8DF4-9C5174E5D268}.Release|x64.ActiveCfg = Release|Any CPU
		{B03F06D0-5456-4C89-8DF4-9C5174E5D268}.Release|x64.Build.0 = Release|Any CPU
		{B03F06D0-5456-4C89-8DF4-9C5174E5D268}.Release|x86.ActiveCfg = Release|Any CPU
		{B03F06D0-5456-4C89-8DF4-9C5174E5D268}.Release|x86.Build.0 = Release|Any CPU
	EndGlobalSection
	GlobalSection(SolutionProperties) = preSolution
		HideSolutionNode = FALSE
	EndGlobalSection
	GlobalSection(ExtensibilityGlobals) = postSolution
		SolutionGuid = {C45C30E5-0D42-407C-B4D9-150D4B558BB8}
	EndGlobalSection
EndGlobal
